{
  "name": "therac-vt100-web",
  "lockfileVersion": 3,
  "requires": true,
  "packages": {
    "": {
      "name": "therac-vt100-web",
      "license": "LGPL-3.0-or-later",
      "dependencies": {
        "@bjorn3/browser_wasi_shim": "0.4.2"
      }
    },
    "node_modules/@bjorn3/browser_wasi_shim": {
      "version": "0.4.2",
      "resolved": "https://registry.npmjs.org/@bjorn3/browser_wasi_shim/-/browser_wasi_shim-0.4.2.tgz",
      "integrity": "sha512-/iHkCVUG3VbcbmEHn5iIUpIrh7a7WPiwZ3sHy4HZKZzBdSadwdddYDZAII2zBvQYV0Lfi8naZngPCN7WPHI/hA==",
      "license": "MIT OR Apache-2.0"
    }
  }
}
